github.com/davecgh/go-spew v1.1.1 h1:vj9j/u1bqnvCEfJOwUhtlOARqs3+rkHYY13jYWTU97c=
github.com/davecgh/go-spew v1.1.1/go.mod h1:J7Y8YcW2NihsgmVo/mv3lAwl/skON4iLHjSsI+c5H38=
github.com/flytam/filenamify v1.2.0 h1:7RiSqXYR4cJftDQ5NuvljKMfd/ubKnW/j9C6iekChgI=
github.com/flytam/filenamify v1.2.0/go.mod h1:Dzf9kVycwcsBlr2ATg6uxjqiFgKGH+5SKFuhdeP5zu8=
github.com/go-errors/errors v1.5.1 h1:ZwEMSLRCapFLflTpT7NKaAc7ukJ8ZPEjzlxt8rPN8bk=
github.com/go-errors/errors v1.5.1/go.mod h1:sIVyrIiJhuEF+Pj9Ebtd6P/rEYROXFi3BopGUQ5a5Og=
github.com/nfnt/resize v0.0.0-20180221191011-83c6a9932646 h1:zYyBkD/k9seD2A7fsi6Oo2LfFZAehjjQMERAvZLEDnQ=
github.com/nfnt/resize v0.0.0-20180221191011-83c6a9932646/go.mod h1:jpp1/29i3P1S/RLdc7JQKbRpFeM1dOBd8T9ki5s+AY8=
github.com/pmezard/go-difflib v1.0.0 h1:4DBwDE0NGyQoBHbLQYPwSUPoCMWR5BEzIk/f1lZbAQM=
github.com/pmezard/go-difflib v1.0.0/go.mod h1:iKH77koFhYxTK1pcRnkKkqfTogsbg7gZNVY4sRDYZ/4=
github.com/stretchr/testify v1.8.4 h1:CcVxjf3Q8PM0mHUKJCdn+eZZtm5yQwehR5yeSVQQcUk=
github.com/stretchr/testify v1.8.4/go.mod h1:sz/lmYIOXD/1dqDmKjjqLyZ2RngseejIcXlSw2iwfAo=
github.com/stretchr/testify v1.9.0/go.mod h1:r2ic/lqez/lEtzL7wO/rwa5dbSLXVDPFyf8C91i36aY=
github.com/takecontrolsoft/go_multi_log v1.0.2 h1:VBXIrQCTSp1DV9MqJoFKy1s3F9SGGhx/J51FsHVzkUk=
github.com/takecontrolsoft/go_multi_log v1.0.2/go.mod h1:uY1IzARYk0micU4nMMSqHbWOOdPspEyn0CWAP7knhJo=
github.com/takecontrolsoft/go_multi_log/logger v0.0.0-20240115234328-80028a510071 h1:adHNKQ9cnUpe2aXjWsGZ4ff7UNKWJwRlMSGGx/oa8d0=
github.com/takecontrolsoft/go_multi_log/logger v0.0.0-20240115234328-80028a510071/go.mod h1:iVy7UgmFd8+pKaBL8Iz9mbmaXJ4/dUpVV7PQj6gOyuc=
github.com/takecontrolsoft/go_multi_log/logger v0.0.0-20240819072635-5a70e7d8a470 h1:GHoYMhmW4mzokwVO8Sh8YYWVHmvyAFEohdEXfPCdINs=
github.com/takecontrolsoft/go_multi_log/logger v0.0.0-20240819072635-5a70e7d8a470/go.mod h1:Ej5TBFFgW02ad0qLWA+qE4yd9G0KIni837KxKNiDveQ=
github.com/takecontrolsoft/go_multi_log/logger/levels v0.0.0-20240115234328-80028a510071 h1:FSRpLuUO9zbQa7ND33HopPfFS++x/FFt7HXLi2gErj0=
github.com/takecontrolsoft/go_multi_log/logger/levels v0.0.0-20240115234328-80028a510071/go.mod h1:uIRj2pOETcfSX9L4s/x3U0f3gIe8EOM+nzIijuZ7Txs=
github.com/takecontrolsoft/go_multi_log/logger/loggers v0.0.0-20240115234328-80028a510071 h1:Ak8MjUZJRnm1e3bkq8kCzvzxVTEMQDKhrzZPemiTIpc=
github.com/takecontrolsoft/go_multi_log/logger/loggers v0.0.0-20240115234328-80028a510071/go.mod h1:CpSX92NlMWXUKie49M9CumShWQBKtiIzOHgyXI3Lm7A=
github.com/timandy/routine v1.1.3 h1:lK7ix0Oyprtuw301bNle7WZw9V8eY680mjT9r5rmBLA=
github.com/timandy/routine v1.1.3/go.mod h1:XWkchlwnVxH+yRwA/yxSuyzxqiaNuBUcFUHDglX56SY=
github.com/timandy/routine v1.1.4 h1:L9eAli/ROJcW6LhmwZcusYQcdAqxAXGOQhEXLQSNWOA=
github.com/timandy/routine v1.1.4/go.mod h1:siBcl8iIsGmhLCajRGRcy7Y7FVcicNXkr97JODdt9fc=
golang.org/x/image v0.19.0 h1:D9FX4QWkLfkeqaC62SonffIIuYdOk/UE2XKUBgRIBIQ=
golang.org/x/image v0.19.0/go.mod h1:y0zrRqlQRWQ5PXaYCOMLTW2fpsxZ8Qh9I/ohnInJEys=
gopkg.in/check.v1 v0.0.0-20161208181325-20d25e280405 h1:yhCVgyC4o1eVCa2tZl7eS0r+SDo693bJlVdllGtEeKM=
gopkg.in/check.v1 v0.0.0-20161208181325-20d25e280405/go.mod h1:Co6ibVJAznAaIkqp8huTwlJQCZ016jof/cbN4VW5Yz0=
gopkg.in/yaml.v3 v3.0.1 h1:fxVm/GzAzEWqLHuvctI91KS9hhNmmWOoWu0XTYJS7CA=
gopkg.in/yaml.v3 v3.0.1/go.mod h1:K4uyk7z7BCEPqu6E+C64Yfv1cQ7kz7rIZviUmN+EgEM=
